
Microsoft Visual Studio Solution File, Format Version 12.00
# Visual Studio Version 17
VisualStudioVersion = 17.6.33829.357
MinimumVisualStudioVersion = 10.0.40219.1
Project("{FAE04EC0-301F-11D3-BF4B-00C04F79EFBC}") = "Labb2ProgTemplate", "Labb2ProgTemplate\Labb2ProgTemplate.csproj", "{1E4AF493-29DC-4D22-BE71-A947BC0487B8}"
EndProject
Global
	GlobalSection(SolutionConfigurationPlatforms) = preSolution
		Debug|Any CPU = Debug|Any CPU
		Release|Any CPU = Release|Any CPU
	EndGlobalSection
	GlobalSection(ProjectConfigurationPlatforms) = postSolution
		{1E4AF493-29DC-4D22-BE71-A947BC0487B8}.Debug|Any CPU.ActiveCfg = Debug|Any CPU
		{1E4AF493-29DC-4D22-BE71-A947BC0487B8}.Debug|Any CPU.Build.0 = Debug|Any CPU
		{1E4AF493-29DC-4D22-BE71-A947BC0487B8}.Release|Any CPU.ActiveCfg = Release|Any CPU
		{1E4AF493-29DC-4D22-BE71-A947BC0487B8}.Release|Any CPU.Build.0 = Release|Any CPU
	EndGlobalSection
	GlobalSection(SolutionProperties) = preSolution
		HideSolutionNode = FALSE
	EndGlobalSection
	GlobalSection(ExtensibilityGlobals) = postSolution
		SolutionGuid = {5E1FC4EB-9AF4-4CB3-8374-020724977571}
	EndGlobalSection
EndGlobal
